
Microsoft Visual Studio Solution File, Format Version 12.00
# Visual Studio Version 17
VisualStudioVersion = 17.10.34928.147
MinimumVisualStudioVersion = 10.0.40219.1
Project("{2150E333-8FDC-42A3-9474-1A3956D46DE8}") = "src", "src", "{119CCB3B-1080-4896-8141-D0E522990B00}"
EndProject
Project("{2150E333-8FDC-42A3-9474-1A3956D46DE8}") = "tests", "tests", "{D2A50E25-89EE-48CC-B728-49A4733B2660}"
EndProject
Project("{FAE04EC0-301F-11D3-BF4B-00C04F79EFBC}") = "BarberBoss.Api", "src\BarberBoss.Api\BarberBoss.Api.csproj", "{1C521FCE-1F0B-4C00-8BB7-9484D6F195CB}"
EndProject
Project("{FAE04EC0-301F-11D3-BF4B-00C04F79EFBC}") = "BarberBoss.Communication", "src\BarberBoss.Communication\BarberBoss.Communication.csproj", "{EA94BB8C-7C49-4D15-897E-EBE164E2536A}"
EndProject
Project("{9A19103F-16F7-4668-BE54-9A1E7A4F7556}") = "BarberBoss.Infra", "src\BarberBoss.Infra\BarberBoss.Infra.csproj", "{11458556-5202-43C3-A5FC-2239C9B710EF}"
EndProject
Project("{FAE04EC0-301F-11D3-BF4B-00C04F79EFBC}") = "BarberBoss.Application", "src\BarberBoss.Application\BarberBoss.Application.csproj", "{63A8BF66-EF24-40A4-8014-9DB9235AA28C}"
EndProject
Project("{9A19103F-16F7-4668-BE54-9A1E7A4F7556}") = "BarberBoss.Domain", "src\BarberBoss.Domain\BarberBoss.Domain.csproj", "{420DE19F-8E5B-477A-BC2E-653888E05971}"
EndProject
Project("{FAE04EC0-301F-11D3-BF4B-00C04F79EFBC}") = "BarberBoss.Exception", "src\BarberBoss.Exception\BarberBoss.Exception.csproj", "{C2999883-A813-4249-B324-BE95E5A35FE5}"
EndProject
Global
	GlobalSection(SolutionConfigurationPlatforms) = preSolution
		Debug|Any CPU = Debug|Any CPU
		Release|Any CPU = Release|Any CPU
	EndGlobalSection
	GlobalSection(ProjectConfigurationPlatforms) = postSolution
		{1C521FCE-1F0B-4C00-8BB7-9484D6F195CB}.Debug|Any CPU.ActiveCfg = Debug|Any CPU
		{1C521FCE-1F0B-4C00-8BB7-9484D6F195CB}.Debug|Any CPU.Build.0 = Debug|Any CPU
		{1C521FCE-1F0B-4C00-8BB7-9484D6F195CB}.Release|Any CPU.ActiveCfg = Release|Any CPU
		{1C521FCE-1F0B-4C00-8BB7-9484D6F195CB}.Release|Any CPU.Build.0 = Release|Any CPU
		{EA94BB8C-7C49-4D15-897E-EBE164E2536A}.Debug|Any CPU.ActiveCfg = Debug|Any CPU
		{EA94BB8C-7C49-4D15-897E-EBE164E2536A}.Debug|Any CPU.Build.0 = Debug|Any CPU
		{EA94BB8C-7C49-4D15-897E-EBE164E2536A}.Release|Any CPU.ActiveCfg = Release|Any CPU
		{EA94BB8C-7C49-4D15-897E-EBE164E2536A}.Release|Any CPU.Build.0 = Release|Any CPU
		{11458556-5202-43C3-A5FC-2239C9B710EF}.Debug|Any CPU.ActiveCfg = Debug|Any CPU
		{11458556-5202-43C3-A5FC-2239C9B710EF}.Debug|Any CPU.Build.0 = Debug|Any CPU
		{11458556-5202-43C3-A5FC-2239C9B710EF}.Release|Any CPU.ActiveCfg = Release|Any CPU
		{11458556-5202-43C3-A5FC-2239C9B710EF}.Release|Any CPU.Build.0 = Release|Any CPU
		{63A8BF66-EF24-40A4-8014-9DB9235AA28C}.Debug|Any CPU.ActiveCfg = Debug|Any CPU
		{63A8BF66-EF24-40A4-8014-9DB9235AA28C}.Debug|Any CPU.Build.0 = Debug|Any CPU
		{63A8BF66-EF24-40A4-8014-9DB9235AA28C}.Release|Any CPU.ActiveCfg = Release|Any CPU
		{63A8BF66-EF24-40A4-8014-9DB9235AA28C}.Release|Any CPU.Build.0 = Release|Any CPU
		{420DE19F-8E5B-477A-BC2E-653888E05971}.Debug|Any CPU.ActiveCfg = Debug|Any CPU
		{420DE19F-8E5B-477A-BC2E-653888E05971}.Debug|Any CPU.Build.0 = Debug|Any CPU
		{420DE19F-8E5B-477A-BC2E-653888E05971}.Release|Any CPU.ActiveCfg = Release|Any CPU
		{420DE19F-8E5B-477A-BC2E-653888E05971}.Release|Any CPU.Build.0 = Release|Any CPU
		{C2999883-A813-4249-B324-BE95E5A35FE5}.Debug|Any CPU.ActiveCfg = Debug|Any CPU
		{C2999883-A813-4249-B324-BE95E5A35FE5}.Debug|Any CPU.Build.0 = Debug|Any CPU
		{C2999883-A813-4249-B324-BE95E5A35FE5}.Release|Any CPU.ActiveCfg = Release|Any CPU
		{C2999883-A813-4249-B324-BE95E5A35FE5}.Release|Any CPU.Build.0 = Release|Any CPU
	EndGlobalSection
	GlobalSection(SolutionProperties) = preSolution
		HideSolutionNode = FALSE
	EndGlobalSection
	GlobalSection(NestedProjects) = preSolution
		{1C521FCE-1F0B-4C00-8BB7-9484D6F195CB} = {119CCB3B-1080-4896-8141-D0E522990B00}
		{EA94BB8C-7C49-4D15-897E-EBE164E2536A} = {119CCB3B-1080-4896-8141-D0E522990B00}
		{11458556-5202-43C3-A5FC-2239C9B710EF} = {119CCB3B-1080-4896-8141-D0E522990B00}
		{63A8BF66-EF24-40A4-8014-9DB9235AA28C} = {119CCB3B-1080-4896-8141-D0E522990B00}
		{420DE19F-8E5B-477A-BC2E-653888E05971} = {119CCB3B-1080-4896-8141-D0E522990B00}
		{C2999883-A813-4249-B324-BE95E5A35FE5} = {119CCB3B-1080-4896-8141-D0E522990B00}
	EndGlobalSection
	GlobalSection(ExtensibilityGlobals) = postSolution
		SolutionGuid = {D73E895D-E261-446F-8C30-06057F878398}
	EndGlobalSection
EndGlobal
